// !$*UTF8*$!
{
	archiveVersion = 1;
	classes = {
	};
	objectVersion = 50;
	objects = {

/* Begin PBXBuildFile section */
		9B89A5A4214668540018B7D0 /* SPCacheConfig.swift in Sources */ = {isa = PBXBuildFile; fileRef = 9B89A5A3214668540018B7D0 /* SPCacheConfig.swift */; };
		9B89A5A821466D1D0018B7D0 /* MemoryStorage.swift in Sources */ = {isa = PBXBuildFile; fileRef = 9B89A5A721466D1D0018B7D0 /* MemoryStorage.swift */; };
		9B89A5AA214675720018B7D0 /* LRUEvictionPolicy.swift in Sources */ = {isa = PBXBuildFile; fileRef = 9B89A5A9214675720018B7D0 /* LRUEvictionPolicy.swift */; };
		9B89A5AC21467F070018B7D0 /* SerializationProtocol.swift in Sources */ = {isa = PBXBuildFile; fileRef = 9B89A5AB21467F070018B7D0 /* SerializationProtocol.swift */; };
		9B89A5B1214783B80018B7D0 /* DataExtension.swift in Sources */ = {isa = PBXBuildFile; fileRef = 9B89A5B0214783B80018B7D0 /* DataExtension.swift */; };
		9B89A5B3214788DB0018B7D0 /* Queue.swift in Sources */ = {isa = PBXBuildFile; fileRef = 9B89A5B2214788DB0018B7D0 /* Queue.swift */; };
		9BB421262140FCBE00056BEE /* SPCache.framework in Frameworks */ = {isa = PBXBuildFile; fileRef = 9BB4211C2140FCBE00056BEE /* SPCache.framework */; };
		9BB4212B2140FCBE00056BEE /* SPCacheTests.swift in Sources */ = {isa = PBXBuildFile; fileRef = 9BB4212A2140FCBE00056BEE /* SPCacheTests.swift */; };
		9BB4212D2140FCBE00056BEE /* SPCache.h in Headers */ = {isa = PBXBuildFile; fileRef = 9BB4211F2140FCBE00056BEE /* SPCache.h */; settings = {ATTRIBUTES = (Public, ); }; };
		9BB4213721410D9F00056BEE /* SPCache.swift in Sources */ = {isa = PBXBuildFile; fileRef = 9BB4213621410D9F00056BEE /* SPCache.swift */; };
		9BB4213921412A3B00056BEE /* StorageProvider.swift in Sources */ = {isa = PBXBuildFile; fileRef = 9BB4213821412A3B00056BEE /* StorageProvider.swift */; };
		9BB4213B21412BF800056BEE /* SPCacheEvictionPolicy.swift in Sources */ = {isa = PBXBuildFile; fileRef = 9BB4213A21412BF800056BEE /* SPCacheEvictionPolicy.swift */; };
/* End PBXBuildFile section */

/* Begin PBXContainerItemProxy section */
		9BB421272140FCBE00056BEE /* PBXContainerItemProxy */ = {
			isa = PBXContainerItemProxy;
			containerPortal = 9BB421132140FCBE00056BEE /* Project object */;
			proxyType = 1;
			remoteGlobalIDString = 9BB4211B2140FCBE00056BEE;
			remoteInfo = SPCache;
		};
/* End PBXContainerItemProxy section */

/* Begin PBXFileReference section */
		9B89A5A3214668540018B7D0 /* SPCacheConfig.swift */ = {isa = PBXFileReference; lastKnownFileType = sourcecode.swift; path = SPCacheConfig.swift; sourceTree = "<group>"; };
		9B89A5A721466D1D0018B7D0 /* MemoryStorage.swift */ = {isa = PBXFileReference; lastKnownFileType = sourcecode.swift; path = MemoryStorage.swift; sourceTree = "<group>"; };
		9B89A5A9214675720018B7D0 /* LRUEvictionPolicy.swift */ = {isa = PBXFileReference; lastKnownFileType = sourcecode.swift; path = LRUEvictionPolicy.swift; sourceTree = "<group>"; };
		9B89A5AB21467F070018B7D0 /* SerializationProtocol.swift */ = {isa = PBXFileReference; lastKnownFileType = sourcecode.swift; path = SerializationProtocol.swift; sourceTree = "<group>"; };
		9B89A5B0214783B80018B7D0 /* DataExtension.swift */ = {isa = PBXFileReference; lastKnownFileType = sourcecode.swift; path = DataExtension.swift; sourceTree = "<group>"; };
		9B89A5B2214788DB0018B7D0 /* Queue.swift */ = {isa = PBXFileReference; lastKnownFileType = sourcecode.swift; path = Queue.swift; sourceTree = "<group>"; };
		9BB4211C2140FCBE00056BEE /* SPCache.framework */ = {isa = PBXFileReference; explicitFileType = wrapper.framework; includeInIndex = 0; path = SPCache.framework; sourceTree = BUILT_PRODUCTS_DIR; };
		9BB4211F2140FCBE00056BEE /* SPCache.h */ = {isa = PBXFileReference; lastKnownFileType = sourcecode.c.h; path = SPCache.h; sourceTree = "<group>"; };
		9BB421202140FCBE00056BEE /* Info.plist */ = {isa = PBXFileReference; lastKnownFileType = text.plist.xml; path = Info.plist; sourceTree = "<group>"; };
		9BB421252140FCBE00056BEE /* SPCacheTests.xctest */ = {isa = PBXFileReference; explicitFileType = wrapper.cfbundle; includeInIndex = 0; path = SPCacheTests.xctest; sourceTree = BUILT_PRODUCTS_DIR; };
		9BB4212A2140FCBE00056BEE /* SPCacheTests.swift */ = {isa = PBXFileReference; lastKnownFileType = sourcecode.swift; path = SPCacheTests.swift; sourceTree = "<group>"; };
		9BB4212C2140FCBE00056BEE /* Info.plist */ = {isa = PBXFileReference; lastKnownFileType = text.plist.xml; path = Info.plist; sourceTree = "<group>"; };
		9BB4213621410D9F00056BEE /* SPCache.swift */ = {isa = PBXFileReference; lastKnownFileType = sourcecode.swift; path = SPCache.swift; sourceTree = "<group>"; };
		9BB4213821412A3B00056BEE /* StorageProvider.swift */ = {isa = PBXFileReference; lastKnownFileType = sourcecode.swift; path = StorageProvider.swift; sourceTree = "<group>"; };
		9BB4213A21412BF800056BEE /* SPCacheEvictionPolicy.swift */ = {isa = PBXFileReference; lastKnownFileType = sourcecode.swift; path = SPCacheEvictionPolicy.swift; sourceTree = "<group>"; };
/* End PBXFileReference section */

/* Begin PBXFrameworksBuildPhase section */
		9BB421182140FCBE00056BEE /* Frameworks */ = {
			isa = PBXFrameworksBuildPhase;
			buildActionMask = 2147483647;
			files = (
			);
			runOnlyForDeploymentPostprocessing = 0;
		};
		9BB421222140FCBE00056BEE /* Frameworks */ = {
			isa = PBXFrameworksBuildPhase;
			buildActionMask = 2147483647;
			files = (
				9BB421262140FCBE00056BEE /* SPCache.framework in Frameworks */,
			);
			runOnlyForDeploymentPostprocessing = 0;
		};
/* End PBXFrameworksBuildPhase section */

/* Begin PBXGroup section */
		9B89A5A521466CF30018B7D0 /* StorageProvider */ = {
			isa = PBXGroup;
			children = (
				9B89A5A721466D1D0018B7D0 /* MemoryStorage.swift */,
			);
			path = StorageProvider;
			sourceTree = "<group>";
		};
		9B89A5A621466CFF0018B7D0 /* EvictionPolicy */ = {
			isa = PBXGroup;
			children = (
				9B89A5A9214675720018B7D0 /* LRUEvictionPolicy.swift */,
			);
			path = EvictionPolicy;
			sourceTree = "<group>";
		};
		9B89A5AF2147839B0018B7D0 /* Utilities */ = {
			isa = PBXGroup;
			children = (
				9B89A5B0214783B80018B7D0 /* DataExtension.swift */,
				9B89A5B2214788DB0018B7D0 /* Queue.swift */,
			);
			path = Utilities;
			sourceTree = "<group>";
		};
		9BB421122140FCBE00056BEE = {
			isa = PBXGroup;
			children = (
				9BB4211E2140FCBE00056BEE /* SPCache */,
				9BB421292140FCBE00056BEE /* SPCacheTests */,
				9BB4211D2140FCBE00056BEE /* Products */,
			);
			sourceTree = "<group>";
		};
		9BB4211D2140FCBE00056BEE /* Products */ = {
			isa = PBXGroup;
			children = (
				9BB4211C2140FCBE00056BEE /* SPCache.framework */,
				9BB421252140FCBE00056BEE /* SPCacheTests.xctest */,
			);
			name = Products;
			sourceTree = "<group>";
		};
		9BB4211E2140FCBE00056BEE /* SPCache */ = {
			isa = PBXGroup;
			children = (
				9B89A5AF2147839B0018B7D0 /* Utilities */,
				9B89A5A621466CFF0018B7D0 /* EvictionPolicy */,
				9B89A5A521466CF30018B7D0 /* StorageProvider */,
				9BB4211F2140FCBE00056BEE /* SPCache.h */,
				9BB421202140FCBE00056BEE /* Info.plist */,
				9BB4213621410D9F00056BEE /* SPCache.swift */,
				9BB4213821412A3B00056BEE /* StorageProvider.swift */,
				9BB4213A21412BF800056BEE /* SPCacheEvictionPolicy.swift */,
				9B89A5A3214668540018B7D0 /* SPCacheConfig.swift */,
				9B89A5AB21467F070018B7D0 /* SerializationProtocol.swift */,
			);
			path = SPCache;
			sourceTree = "<group>";
		};
		9BB421292140FCBE00056BEE /* SPCacheTests */ = {
			isa = PBXGroup;
			children = (
				9BB4212A2140FCBE00056BEE /* SPCacheTests.swift */,
				9BB4212C2140FCBE00056BEE /* Info.plist */,
			);
			path = SPCacheTests;
			sourceTree = "<group>";
		};
/* End PBXGroup section */

/* Begin PBXHeadersBuildPhase section */
		9BB421192140FCBE00056BEE /* Headers */ = {
			isa = PBXHeadersBuildPhase;
			buildActionMask = 2147483647;
			files = (
				9BB4212D2140FCBE00056BEE /* SPCache.h in Headers */,
			);
			runOnlyForDeploymentPostprocessing = 0;
		};
/* End PBXHeadersBuildPhase section */

/* Begin PBXNativeTarget section */
		9BB4211B2140FCBE00056BEE /* SPCache */ = {
			isa = PBXNativeTarget;
			buildConfigurationList = 9BB421302140FCBE00056BEE /* Build configuration list for PBXNativeTarget "SPCache" */;
			buildPhases = (
				9BB421172140FCBE00056BEE /* Sources */,
				9BB421182140FCBE00056BEE /* Frameworks */,
				9BB421192140FCBE00056BEE /* Headers */,
				9BB4211A2140FCBE00056BEE /* Resources */,
			);
			buildRules = (
			);
			dependencies = (
			);
			name = SPCache;
			productName = SPCache;
			productReference = 9BB4211C2140FCBE00056BEE /* SPCache.framework */;
			productType = "com.apple.product-type.framework";
		};
		9BB421242140FCBE00056BEE /* SPCacheTests */ = {
			isa = PBXNativeTarget;
			buildConfigurationList = 9BB421332140FCBE00056BEE /* Build configuration list for PBXNativeTarget "SPCacheTests" */;
			buildPhases = (
				9BB421212140FCBE00056BEE /* Sources */,
				9BB421222140FCBE00056BEE /* Frameworks */,
				9BB421232140FCBE00056BEE /* Resources */,
			);
			buildRules = (
			);
			dependencies = (
				9BB421282140FCBE00056BEE /* PBXTargetDependency */,
			);
			name = SPCacheTests;
			productName = SPCacheTests;
			productReference = 9BB421252140FCBE00056BEE /* SPCacheTests.xctest */;
			productType = "com.apple.product-type.bundle.unit-test";
		};
/* End PBXNativeTarget section */

/* Begin PBXProject section */
		9BB421132140FCBE00056BEE /* Project object */ = {
			isa = PBXProject;
			attributes = {
				LastSwiftUpdateCheck = 0940;
				LastUpgradeCheck = 0940;
				ORGANIZATIONNAME = "Shrinivas Prabhu";
				TargetAttributes = {
					9BB4211B2140FCBE00056BEE = {
						CreatedOnToolsVersion = 9.4;
						LastSwiftMigration = 0940;
					};
					9BB421242140FCBE00056BEE = {
						CreatedOnToolsVersion = 9.4;
					};
				};
			};
			buildConfigurationList = 9BB421162140FCBE00056BEE /* Build configuration list for PBXProject "SPCache" */;
			compatibilityVersion = "Xcode 9.3";
			developmentRegion = en;
			hasScannedForEncodings = 0;
			knownRegions = (
				en,
			);
			mainGroup = 9BB421122140FCBE00056BEE;
			productRefGroup = 9BB4211D2140FCBE00056BEE /* Products */;
			projectDirPath = "";
			projectRoot = "";
			targets = (
				9BB4211B2140FCBE00056BEE /* SPCache */,
				9BB421242140FCBE00056BEE /* SPCacheTests */,
			);
		};
/* End PBXProject section */

/* Begin PBXResourcesBuildPhase section */
		9BB4211A2140FCBE00056BEE /* Resources */ = {
			isa = PBXResourcesBuildPhase;
			buildActionMask = 2147483647;
			files = (
			);
			runOnlyForDeploymentPostprocessing = 0;
		};
		9BB421232140FCBE00056BEE /* Resources */ = {
			isa = PBXResourcesBuildPhase;
			buildActionMask = 2147483647;
			files = (
			);
			runOnlyForDeploymentPostprocessing = 0;
		};
/* End PBXResourcesBuildPhase section */

/* Begin PBXSourcesBuildPhase section */
		9BB421172140FCBE00056BEE /* Sources */ = {
			isa = PBXSourcesBuildPhase;
			buildActionMask = 2147483647;
			files = (
				9BB4213921412A3B00056BEE /* StorageProvider.swift in Sources */,
				9BB4213B21412BF800056BEE /* SPCacheEvictionPolicy.swift in Sources */,
				9B89A5AA214675720018B7D0 /* LRUEvictionPolicy.swift in Sources */,
				9B89A5A821466D1D0018B7D0 /* MemoryStorage.swift in Sources */,
				9BB4213721410D9F00056BEE /* SPCache.swift in Sources */,
				9B89A5B1214783B80018B7D0 /* DataExtension.swift in Sources */,
				9B89A5AC21467F070018B7D0 /* SerializationProtocol.swift in Sources */,
				9B89A5B3214788DB0018B7D0 /* Queue.swift in Sources */,
				9B89A5A4214668540018B7D0 /* SPCacheConfig.swift in Sources */,
			);
			runOnlyForDeploymentPostprocessing = 0;
		};
		9BB421212140FCBE00056BEE /* Sources */ = {
			isa = PBXSourcesBuildPhase;
			buildActionMask = 2147483647;
			files = (
				9BB4212B2140FCBE00056BEE /* SPCacheTests.swift in Sources */,
			);
			runOnlyForDeploymentPostprocessing = 0;
		};
/* End PBXSourcesBuildPhase section */

/* Begin PBXTargetDependency section */
		9BB421282140FCBE00056BEE /* PBXTargetDependency */ = {
			isa = PBXTargetDependency;
			target = 9BB4211B2140FCBE00056BEE /* SPCache */;
			targetProxy = 9BB421272140FCBE00056BEE /* PBXContainerItemProxy */;
		};
/* End PBXTargetDependency section */

/* Begin XCBuildConfiguration section */
		9BB4212E2140FCBE00056BEE /* Debug */ = {
			isa = XCBuildConfiguration;
			buildSettings = {
				ALWAYS_SEARCH_USER_PATHS = NO;
				CLANG_ANALYZER_NONNULL = YES;
				CLANG_ANALYZER_NUMBER_OBJECT_CONVERSION = YES_AGGRESSIVE;
				CLANG_CXX_LANGUAGE_STANDARD = "gnu++14";
				CLANG_CXX_LIBRARY = "libc++";
				CLANG_ENABLE_MODULES = YES;
				CLANG_ENABLE_OBJC_ARC = YES;
				CLANG_ENABLE_OBJC_WEAK = YES;
				CLANG_WARN_BLOCK_CAPTURE_AUTORELEASING = YES;
				CLANG_WARN_BOOL_CONVERSION = YES;
				CLANG_WARN_COMMA = YES;
				CLANG_WARN_CONSTANT_CONVERSION = YES;
				CLANG_WARN_DEPRECATED_OBJC_IMPLEMENTATIONS = YES;
				CLANG_WARN_DIRECT_OBJC_ISA_USAGE = YES_ERROR;
				CLANG_WARN_DOCUMENTATION_COMMENTS = YES;
				CLANG_WARN_EMPTY_BODY = YES;
				CLANG_WARN_ENUM_CONVERSION = YES;
				CLANG_WARN_INFINITE_RECURSION = YES;
				CLANG_WARN_INT_CONVERSION = YES;
				CLANG_WARN_NON_LITERAL_NULL_CONVERSION = YES;
				CLANG_WARN_OBJC_IMPLICIT_RETAIN_SELF = YES;
				CLANG_WARN_OBJC_LITERAL_CONVERSION = YES;
				CLANG_WARN_OBJC_ROOT_CLASS = YES_ERROR;
				CLANG_WARN_RANGE_LOOP_ANALYSIS = YES;
				CLANG_WARN_STRICT_PROTOTYPES = YES;
				CLANG_WARN_SUSPICIOUS_MOVE = YES;
				CLANG_WARN_UNGUARDED_AVAILABILITY = YES_AGGRESSIVE;
				CLANG_WARN_UNREACHABLE_CODE = YES;
				CLANG_WARN__DUPLICATE_METHOD_MATCH = YES;
				CODE_SIGN_IDENTITY = "iPhone Developer";
				COPY_PHASE_STRIP = NO;
				CURRENT_PROJECT_VERSION = 1;
				DEBUG_INFORMATION_FORMAT = dwarf;
				ENABLE_STRICT_OBJC_MSGSEND = YES;
				ENABLE_TESTABILITY = YES;
				GCC_C_LANGUAGE_STANDARD = gnu11;
				GCC_DYNAMIC_NO_PIC = NO;
				GCC_NO_COMMON_BLOCKS = YES;
				GCC_OPTIMIZATION_LEVEL = 0;
				GCC_PREPROCESSOR_DEFINITIONS = (
					"DEBUG=1",
					"$(inherited)",
				);
				GCC_WARN_64_TO_32_BIT_CONVERSION = YES;
				GCC_WARN_ABOUT_RETURN_TYPE = YES_ERROR;
				GCC_WARN_UNDECLARED_SELECTOR = YES;
				GCC_WARN_UNINITIALIZED_AUTOS = YES_AGGRESSIVE;
				GCC_WARN_UNUSED_FUNCTION = YES;
				GCC_WARN_UNUSED_VARIABLE = YES;
				IPHONEOS_DEPLOYMENT_TARGET = 11.4;
				MTL_ENABLE_DEBUG_INFO = YES;
				ONLY_ACTIVE_ARCH = YES;
				SDKROOT = iphoneos;
				SWIFT_ACTIVE_COMPILATION_CONDITIONS = DEBUG;
				SWIFT_OPTIMIZATION_LEVEL = "-Onone";
				VERSIONING_SYSTEM = "apple-generic";
				VERSION_INFO_PREFIX = "";
			};
			name = Debug;
		};
		9BB4212F2140FCBE00056BEE /* Release */ = {
			isa = XCBuildConfiguration;
			buildSettings = {
				ALWAYS_SEARCH_USER_PATHS = NO;
				CLANG_ANALYZER_NONNULL = YES;
				CLANG_ANALYZER_NUMBER_OBJECT_CONVERSION = YES_AGGRESSIVE;
				CLANG_CXX_LANGUAGE_STANDARD = "gnu++14";
				CLANG_CXX_LIBRARY = "libc++";
				CLANG_ENABLE_MODULES = YES;
				CLANG_ENABLE_OBJC_ARC = YES;
				CLANG_ENABLE_OBJC_WEAK = YES;
				CLANG_WARN_BLOCK_CAPTURE_AUTORELEASING = YES;
				CLANG_WARN_BOOL_CONVERSION = YES;
				CLANG_WARN_COMMA = YES;
				CLANG_WARN_CONSTANT_CONVERSION = YES;
				CLANG_WARN_DEPRECATED_OBJC_IMPLEMENTATIONS = YES;
				CLANG_WARN_DIRECT_OBJC_ISA_USAGE = YES_ERROR;
				CLANG_WARN_DOCUMENTATION_COMMENTS = YES;
				CLANG_WARN_EMPTY_BODY = YES;
				CLANG_WARN_ENUM_CONVERSION = YES;
				CLANG_WARN_INFINITE_RECURSION = YES;
				CLANG_WARN_INT_CONVERSION = YES;
				CLANG_WARN_NON_LITERAL_NULL_CONVERSION = YES;
				CLANG_WARN_OBJC_IMPLICIT_RETAIN_SELF = YES;
				CLANG_WARN_OBJC_LITERAL_CONVERSION = YES;
				CLANG_WARN_OBJC_ROOT_CLASS = YES_ERROR;
				CLANG_WARN_RANGE_LOOP_ANALYSIS = YES;
				CLANG_WARN_STRICT_PROTOTYPES = YES;
				CLANG_WARN_SUSPICIOUS_MOVE = YES;
				CLANG_WARN_UNGUARDED_AVAILABILITY = YES_AGGRESSIVE;
				CLANG_WARN_UNREACHABLE_CODE = YES;
				CLANG_WARN__DUPLICATE_METHOD_MATCH = YES;
				CODE_SIGN_IDENTITY = "iPhone Developer";
				COPY_PHASE_STRIP = NO;
				CURRENT_PROJECT_VERSION = 1;
				DEBUG_INFORMATION_FORMAT = "dwarf-with-dsym";
				ENABLE_NS_ASSERTIONS = NO;
				ENABLE_STRICT_OBJC_MSGSEND = YES;
				GCC_C_LANGUAGE_STANDARD = gnu11;
				GCC_NO_COMMON_BLOCKS = YES;
				GCC_WARN_64_TO_32_BIT_CONVERSION = YES;
				GCC_WARN_ABOUT_RETURN_TYPE = YES_ERROR;
				GCC_WARN_UNDECLARED_SELECTOR = YES;
				GCC_WARN_UNINITIALIZED_AUTOS = YES_AGGRESSIVE;
				GCC_WARN_UNUSED_FUNCTION = YES;
				GCC_WARN_UNUSED_VARIABLE = YES;
				IPHONEOS_DEPLOYMENT_TARGET = 11.4;
				MTL_ENABLE_DEBUG_INFO = NO;
				SDKROOT = iphoneos;
				SWIFT_COMPILATION_MODE = wholemodule;
				SWIFT_OPTIMIZATION_LEVEL = "-O";
				VALIDATE_PRODUCT = YES;
				VERSIONING_SYSTEM = "apple-generic";
				VERSION_INFO_PREFIX = "";
			};
			name = Release;
		};
		9BB421312140FCBE00056BEE /* Debug */ = {
			isa = XCBuildConfiguration;
			buildSettings = {
				CLANG_ENABLE_MODULES = YES;
				CODE_SIGN_IDENTITY = "";
				CODE_SIGN_STYLE = Automatic;
				DEFINES_MODULE = YES;
				DYLIB_COMPATIBILITY_VERSION = 1;
				DYLIB_CURRENT_VERSION = 1;
				DYLIB_INSTALL_NAME_BASE = "@rpath";
				INFOPLIST_FILE = SPCache/Info.plist;
				INSTALL_PATH = "$(LOCAL_LIBRARY_DIR)/Frameworks";
				LD_RUNPATH_SEARCH_PATHS = (
					"$(inherited)",
					"@executable_path/Frameworks",
					"@loader_path/Frameworks",
				);
				PRODUCT_BUNDLE_IDENTIFIER = com.shrinivas.SPCache;
				PRODUCT_NAME = "$(TARGET_NAME:c99extidentifier)";
				SKIP_INSTALL = YES;
				SWIFT_OPTIMIZATION_LEVEL = "-Onone";
				SWIFT_VERSION = 4.0;
				TARGETED_DEVICE_FAMILY = "1,2";
			};
			name = Debug;
		};
		9BB421322140FCBE00056BEE /* Release */ = {
			isa = XCBuildConfiguration;
			buildSettings = {
				CLANG_ENABLE_MODULES = YES;
				CODE_SIGN_IDENTITY = "";
				CODE_SIGN_STYLE = Automatic;
				DEFINES_MODULE = YES;
				DYLIB_COMPATIBILITY_VERSION = 1;
				DYLIB_CURRENT_VERSION = 1;
				DYLIB_INSTALL_NAME_BASE = "@rpath";
				INFOPLIST_FILE = SPCache/Info.plist;
				INSTALL_PATH = "$(LOCAL_LIBRARY_DIR)/Frameworks";
				LD_RUNPATH_SEARCH_PATHS = (
					"$(inherited)",
					"@executable_path/Frameworks",
					"@loader_path/Frameworks",
				);
				PRODUCT_BUNDLE_IDENTIFIER = com.shrinivas.SPCache;
				PRODUCT_NAME = "$(TARGET_NAME:c99extidentifier)";
				SKIP_INSTALL = YES;
				SWIFT_VERSION = 4.0;
				TARGETED_DEVICE_FAMILY = "1,2";
			};
			name = Release;
		};
		9BB421342140FCBE00056BEE /* Debug */ = {
			isa = XCBuildConfiguration;
			buildSettings = {
				ALWAYS_EMBED_SWIFT_STANDARD_LIBRARIES = YES;
				CODE_SIGN_STYLE = Automatic;
				INFOPLIST_FILE = SPCacheTests/Info.plist;
				LD_RUNPATH_SEARCH_PATHS = (
					"$(inherited)",
					"@executable_path/Frameworks",
					"@loader_path/Frameworks",
				);
				PRODUCT_BUNDLE_IDENTIFIER = com.shrinivas.SPCacheTests;
				PRODUCT_NAME = "$(TARGET_NAME)";
				SWIFT_VERSION = 4.0;
				TARGETED_DEVICE_FAMILY = "1,2";
			};
			name = Debug;
		};
		9BB421352140FCBE00056BEE /* Release */ = {
			isa = XCBuildConfiguration;
			buildSettings = {
				ALWAYS_EMBED_SWIFT_STANDARD_LIBRARIES = YES;
				CODE_SIGN_STYLE = Automatic;
				INFOPLIST_FILE = SPCacheTests/Info.plist;
				LD_RUNPATH_SEARCH_PATHS = (
					"$(inherited)",
					"@executable_path/Frameworks",
					"@loader_path/Frameworks",
				);
				PRODUCT_BUNDLE_IDENTIFIER = com.shrinivas.SPCacheTests;
				PRODUCT_NAME = "$(TARGET_NAME)";
				SWIFT_VERSION = 4.0;
				TARGETED_DEVICE_FAMILY = "1,2";
			};
			name = Release;
		};
/* End XCBuildConfiguration section */

/* Begin XCConfigurationList section */
		9BB421162140FCBE00056BEE /* Build configuration list for PBXProject "SPCache" */ = {
			isa = XCConfigurationList;
			buildConfigurations = (
				9BB4212E2140FCBE00056BEE /* Debug */,
				9BB4212F2140FCBE00056BEE /* Release */,
			);
			defaultConfigurationIsVisible = 0;
			defaultConfigurationName = Release;
		};
		9BB421302140FCBE00056BEE /* Build configuration list for PBXNativeTarget "SPCache" */ = {
			isa = XCConfigurationList;
			buildConfigurations = (
				9BB421312140FCBE00056BEE /* Debug */,
				9BB421322140FCBE00056BEE /* Release */,
			);
			defaultConfigurationIsVisible = 0;
			defaultConfigurationName = Release;
		};
		9BB421332140FCBE00056BEE /* Build configuration list for PBXNativeTarget "SPCacheTests" */ = {
			isa = XCConfigurationList;
			buildConfigurations = (
				9BB421342140FCBE00056BEE /* Debug */,
				9BB421352140FCBE00056BEE /* Release */,
			);
			defaultConfigurationIsVisible = 0;
			defaultConfigurationName = Release;
		};
/* End XCConfigurationList section */
	};
	rootObject = 9BB421132140FCBE00056BEE /* Project object */;
}
